{
    "version": 3,
    "terraform_version": "0.11.7",
    "serial": 5,
    "lineage": "ef92ddcb-7645-550c-4949-68a3a51d421e",
    "modules": [
        {
            "path": [
                "root"
            ],
            "outputs": {
                "id": {
                    "sensitive": false,
                    "type": "string",
                    "value": "i-03c5a9f3e0c0e4300"
                },
                "ip": {
                    "sensitive": false,
                    "type": "string",
                    "value": "13.250.164.77"
                }
            },
            "resources": {
                "aws_eip.ip": {
                    "type": "aws_eip",
                    "depends_on": [
                        "aws_instance.example"
                    ],
                    "primary": {
                        "id": "eipalloc-047f663e",
                        "attributes": {
                            "association_id": "eipassoc-befd5b73",
                            "domain": "vpc",
                            "id": "eipalloc-047f663e",
                            "instance": "i-03c5a9f3e0c0e4300",
                            "network_interface": "eni-daed1df7",
                            "private_ip": "192.168.0.60",
                            "public_ip": "13.250.164.77",
                            "tags.%": "0",
                            "vpc": "true"
                        },
                        "meta": {
                            "e2bfb730-ecaa-11e6-8f88-34363bc7c4c0": {
                                "delete": 180000000000,
                                "read": 900000000000,
                                "update": 300000000000
                            }
                        },
                        "tainted": false
                    },
                    "deposed": [],
                    "provider": "provider.aws"
                },
                "aws_instance.example": {
                    "type": "aws_instance",
                    "depends_on": [],
                    "primary": {
                        "id": "i-03c5a9f3e0c0e4300",
                        "attributes": {
                            "ami": "ami-0e4a0de4",
                            "associate_public_ip_address": "true",
                            "availability_zone": "ap-southeast-1a",
                            "credit_specification.#": "1",
                            "credit_specification.0.cpu_credits": "standard",
                            "disable_api_termination": "false",
                            "ebs_block_device.#": "0",
                            "ebs_optimized": "false",
                            "ephemeral_block_device.#": "0",
                            "get_password_data": "false",
                            "iam_instance_profile": "",
                            "id": "i-03c5a9f3e0c0e4300",
                            "instance_state": "running",
                            "instance_type": "t2.micro",
                            "ipv6_addresses.#": "0",
                            "key_name": "awsfs_sg_kp",
                            "monitoring": "false",
                            "network_interface.#": "0",
                            "network_interface_id": "eni-daed1df7",
                            "password_data": "",
                            "placement_group": "",
                            "primary_network_interface_id": "eni-daed1df7",
                            "private_dns": "ip-192-168-0-60.ap-southeast-1.compute.internal",
                            "private_ip": "192.168.0.60",
                            "public_dns": "ec2-13-250-164-77.ap-southeast-1.compute.amazonaws.com",
                            "public_ip": "13.250.164.77",
                            "root_block_device.#": "1",
                            "root_block_device.0.delete_on_termination": "true",
                            "root_block_device.0.iops": "100",
                            "root_block_device.0.volume_id": "vol-0813533b5f7ddb3a7",
                            "root_block_device.0.volume_size": "10",
                            "root_block_device.0.volume_type": "gp2",
                            "security_groups.#": "0",
                            "source_dest_check": "true",
                            "subnet_id": "subnet-be32b4f7",
                            "tags.%": "1",
                            "tags.Name": "terraform-scb-test",
                            "tenancy": "default",
                            "volume_tags.%": "0",
                            "vpc_security_group_ids.#": "1",
                            "vpc_security_group_ids.647531518": "sg-3d407f5b"
                        },
                        "meta": {
                            "e2bfb730-ecaa-11e6-8f88-34363bc7c4c0": {
                                "create": 600000000000,
                                "delete": 1200000000000,
                                "update": 600000000000
                            },
                            "schema_version": "1"
                        },
                        "tainted": false
                    },
                    "deposed": [],
                    "provider": "provider.aws"
                }
            },
            "depends_on": []
        }
    ]
}
